
Microsoft Visual Studio Solution File, Format Version 12.00
# Visual Studio Version 16
VisualStudioVersion = 16.0.31205.134
MinimumVisualStudioVersion = 10.0.40219.1
Project("{8BC9CEB8-8B4A-11D0-8D11-00A0C91BC942}") = "Fourier", "Fourier\Fourier.vcxproj", "{5D7C5B13-41B7-4A1C-B837-72B412FD876D}"
EndProject
Global
	GlobalSection(SolutionConfigurationPlatforms) = preSolution
		Debug|x64 = Debug|x64
		Release|x64 = Release|x64
	EndGlobalSection
	GlobalSection(ProjectConfigurationPlatforms) = postSolution
		{5D7C5B13-41B7-4A1C-B837-72B412FD876D}.Debug|x64.ActiveCfg = Debug|x64
		{5D7C5B13-41B7-4A1C-B837-72B412FD876D}.Debug|x64.Build.0 = Debug|x64
		{5D7C5B13-41B7-4A1C-B837-72B412FD876D}.Release|x64.ActiveCfg = Release|x64
		{5D7C5B13-41B7-4A1C-B837-72B412FD876D}.Release|x64.Build.0 = Release|x64
	EndGlobalSection
	GlobalSection(SolutionProperties) = preSolution
		HideSolutionNode = FALSE
	EndGlobalSection
	GlobalSection(ExtensibilityGlobals) = postSolution
		SolutionGuid = {18A6E871-C160-4716-8633-81B856D08678}
	EndGlobalSection
EndGlobal
